// !$*UTF8*$!
{
	archiveVersion = 1;
	classes = {
	};
	objectVersion = 50;
	objects = {

/* Begin PBXBuildFile section */
		08922E398818570D2017974D717A4234 /* NSData+VVData.m in Sources */ = {isa = PBXBuildFile; fileRef = 1F5A7DB231678CDA8FAF47C2A5EFE3CC /* NSData+VVData.m */; };
		0C5176ED1634EC3FC804403AB4E64703 /* VVHTTPServer.m in Sources */ = {isa = PBXBuildFile; fileRef = 349D70A256386A7218F27417BB1275C4 /* VVHTTPServer.m */; };
		12CDA1C2905E15F10E00AE8055C601EA /* VVRange.m in Sources */ = {isa = PBXBuildFile; fileRef = AA381E81B76ED214968124E6139B5326 /* VVRange.m */; };
		131462C2DBD0255C9666FFC8B869A6BA /* VVApiServerTests.m in Sources */ = {isa = PBXBuildFile; fileRef = E82EC3DC071EB10D44324A1506802021 /* VVApiServerTests.m */; };
		1BCD7ED9C97ED78F8CCC64D862E47585 /* Podfile in Resources */ = {isa = PBXBuildFile; fileRef = 00DD4362168115925505A7AB8C65AA84 /* Podfile */; };
		1DD8360CF57DE98390138E8F6FAEA242 /* VVApiRequest.m in Sources */ = {isa = PBXBuildFile; fileRef = 7A50D15D8D10612C4A1013813970EEA8 /* VVApiRequest.m */; };
		3CA5351F73E18C474E9ADC501E874E9F /* NSNumber+VVNumber.m in Sources */ = {isa = PBXBuildFile; fileRef = D3DA34FC769D63981C716ED347AD4455 /* NSNumber+VVNumber.m */; };
		40A4B03E54A69D644D7053F2B81ACFA3 /* VVApi.m in Sources */ = {isa = PBXBuildFile; fileRef = C2D3332FB828FC15E2BBBC91B3C86244 /* VVApi.m */; };
		4C7E5B205A83873929D2DC0FACEEED50 /* VVHTTPConnection.m in Sources */ = {isa = PBXBuildFile; fileRef = 4BA96D614CF2DBA0E494D8DA0DD4C104 /* VVHTTPConnection.m */; };
		4CDAAD1D63E4F7863637471F7BD3735B /* VVHTTPResponseProxy.m in Sources */ = {isa = PBXBuildFile; fileRef = 4E1AE039A820E572F0FE5ECDAC00C098 /* VVHTTPResponseProxy.m */; };
		4CF245583222C52464E6CB75097A0B4F /* VVApiHTTPServer.m in Sources */ = {isa = PBXBuildFile; fileRef = FBCA37AC3186037FBC8BA901D9B38F8A /* VVApiHTTPServer.m */; };
		4E7FAEE556C32F8A4913D72CEF008724 /* VVHTTPFileResponse.m in Sources */ = {isa = PBXBuildFile; fileRef = B0A77B30B9A98FB0DE868D31157E154F /* VVHTTPFileResponse.m */; };
		735A89BA97AFAF6C2EADC7AB1698423F /* VVHTTPLogging.m in Sources */ = {isa = PBXBuildFile; fileRef = A3E78F4B8B05689F029E4DF2B3BF8B3A /* VVHTTPLogging.m */; };
		800278573384056D85E8B33309C1742F /* VVApiConnection.m in Sources */ = {isa = PBXBuildFile; fileRef = BB77CC63F3AAFBD1C55C7AB79C0D2B68 /* VVApiConnection.m */; };
		894D4DE0FFB5959BA09AA30A815D40A8 /* Main.storyboard in Resources */ = {isa = PBXBuildFile; fileRef = D4BE0398F3A469F1668847FAE37508DF /* Main.storyboard */; };
		8B37E061E67DE5407B6F857385370E01 /* LaunchScreen.storyboard in Resources */ = {isa = PBXBuildFile; fileRef = 2D57C697D9060C31ADCAA5B95F9A3FA6 /* LaunchScreen.storyboard */; };
		AAFF8D3BFE7B068F6E4702E5E7E39A16 /* VVHTTPAuthenticationRequest.m in Sources */ = {isa = PBXBuildFile; fileRef = 7CE7D19D1E18350CC7CBCD91982ABB3B /* VVHTTPAuthenticationRequest.m */; };
		B56EE66D23D7EAC2A0E4E4D7A0052BE1 /* VVHTTPMessage.m in Sources */ = {isa = PBXBuildFile; fileRef = 50A4D2CD086E924784CB4D866349F70F /* VVHTTPMessage.m */; };
		B6389672729BFA3C7131BDDCE35D5B2D /* VVApiResponse.m in Sources */ = {isa = PBXBuildFile; fileRef = 2D5F82E20487603E8E69CDD5967F8644 /* VVApiResponse.m */; };
		BBC8F20D749310FADC3FAE94EF78552E /* VVApiServerUITests.m in Sources */ = {isa = PBXBuildFile; fileRef = 7545736340A9B6DAF479B03AF5F78E60 /* VVApiServerUITests.m */; };
		C3AE66FB13D3BE5D3F69AF60 /* NSURLRequest+Ext.m in Sources */ = {isa = PBXBuildFile; fileRef = C3AE6A969102CA7AF64B52E2 /* NSURLRequest+Ext.m */; };
		C4BA1EBDBEAC82F7CBBE20012D3D276D /* VVWebSocket.m in Sources */ = {isa = PBXBuildFile; fileRef = A69BE146E329B0FB2CE270C7D887C06A /* VVWebSocket.m */; };
		C8BB8220CAE2071BDE1D972028C90E11 /* AppDelegate.m in Sources */ = {isa = PBXBuildFile; fileRef = 448E60B330362E60A4AA6D6ABB75275F /* AppDelegate.m */; };
		CA82BEAB4349A96A678DB1657AA35CA2 /* VVHTTPAsyncFileResponse.m in Sources */ = {isa = PBXBuildFile; fileRef = 8E66DB76E63C1D06EF6CC057588966F4 /* VVHTTPAsyncFileResponse.m */; };
		D06BBDAE3FC9CDCC91F776537A640C8A /* main.m in Sources */ = {isa = PBXBuildFile; fileRef = 88AF1D31DE9AB4778F0F84997B5343B0 /* main.m */; };
		D0980EA3F713DBC18714C7467BF2A467 /* libPods-VVApiServer.a in Frameworks */ = {isa = PBXBuildFile; fileRef = 9535202AD9D0734A9C9C9D2541D6C77C /* libPods-VVApiServer.a */; };
		D63D2CBD594D30FF3B89FC58FF844125 /* VVHTTPDataResponse.m in Sources */ = {isa = PBXBuildFile; fileRef = 59A5301622395C4918ECD043A47F5073 /* VVHTTPDataResponse.m */; };
		EF695A7697C76247AC50025BFDA1B98E /* ViewController.m in Sources */ = {isa = PBXBuildFile; fileRef = D402755D392BC58098CF953F763B3314 /* ViewController.m */; };
		F08996694E174D4C260D01DAACABD0FC /* Assets.xcassets in Resources */ = {isa = PBXBuildFile; fileRef = 344152DBB3B08FFF8232F4FCC11A6451 /* Assets.xcassets */; };
/* End PBXBuildFile section */

/* Begin PBXContainerItemProxy section */
		6B347B1327EB92643D87456B3DCB8A72 /* PBXContainerItemProxy */ = {
			isa = PBXContainerItemProxy;
			containerPortal = 93F72F5491C6AEDDAF48FE51664ED19D /* Project object */;
			proxyType = 1;
			remoteGlobalIDString = E1A89FF74B5E81177E4E81385664C518;
			remoteInfo = VVApiServer;
		};
		6EE550D88117C3146396D3BD54C632E7 /* PBXContainerItemProxy */ = {
			isa = PBXContainerItemProxy;
			containerPortal = 93F72F5491C6AEDDAF48FE51664ED19D /* Project object */;
			proxyType = 1;
			remoteGlobalIDString = E1A89FF74B5E81177E4E81385664C518;
			remoteInfo = VVApiServer;
		};
/* End PBXContainerItemProxy section */

/* Begin PBXFileReference section */
		00DD4362168115925505A7AB8C65AA84 /* Podfile */ = {isa = PBXFileReference; fileEncoding = 4; lastKnownFileType = text; path = Podfile; sourceTree = "<group>"; };
		1546EA1268AB9B4353A51120F07965B0 /* VVHTTPResponseProxy.h */ = {isa = PBXFileReference; fileEncoding = 4; lastKnownFileType = sourcecode.c.h; path = VVHTTPResponseProxy.h; sourceTree = "<group>"; };
		17E885A05C30796457693BF846E5458E /* Info.plist */ = {isa = PBXFileReference; lastKnownFileType = text.plist.xml; path = Info.plist; sourceTree = "<group>"; };
		198D502A2E4C4EE8E83C7F32E6AB9D03 /* Pods-VVApiServer.release.xcconfig */ = {isa = PBXFileReference; includeInIndex = 1; lastKnownFileType = text.xcconfig; name = "Pods-VVApiServer.release.xcconfig"; path = "Target Support Files/Pods-VVApiServer/Pods-VVApiServer.release.xcconfig"; sourceTree = "<group>"; };
		1B85E500C559EE143EC323899F34EF5B /* VVApiServerUITests.xctest */ = {isa = PBXFileReference; explicitFileType = wrapper.cfbundle; includeInIndex = 0; path = VVApiServerUITests.xctest; sourceTree = BUILT_PRODUCTS_DIR; };
		1E4C6E156A3C93E77AEFCD04A16DA7E2 /* VVHTTPAuthenticationRequest.h */ = {isa = PBXFileReference; fileEncoding = 4; lastKnownFileType = sourcecode.c.h; path = VVHTTPAuthenticationRequest.h; sourceTree = "<group>"; };
		1F5A7DB231678CDA8FAF47C2A5EFE3CC /* NSData+VVData.m */ = {isa = PBXFileReference; fileEncoding = 4; lastKnownFileType = sourcecode.c.objc; path = "NSData+VVData.m"; sourceTree = "<group>"; };
		2849399BDE13B7D5A093F1DF1DE48C1F /* VVHTTPResponse.h */ = {isa = PBXFileReference; fileEncoding = 4; lastKnownFileType = sourcecode.c.h; path = VVHTTPResponse.h; sourceTree = "<group>"; };
		29DF23C76E3C7C6F75A124E32A88B4FA /* VVHTTPDataResponse.h */ = {isa = PBXFileReference; fileEncoding = 4; lastKnownFileType = sourcecode.c.h; path = VVHTTPDataResponse.h; sourceTree = "<group>"; };
		2D5F82E20487603E8E69CDD5967F8644 /* VVApiResponse.m */ = {isa = PBXFileReference; fileEncoding = 4; lastKnownFileType = sourcecode.c.objc; path = VVApiResponse.m; sourceTree = "<group>"; };
		322754EE49ACC52330CFFCF7E61DE8B8 /* VVWebSocket.h */ = {isa = PBXFileReference; fileEncoding = 4; lastKnownFileType = sourcecode.c.h; path = VVWebSocket.h; sourceTree = "<group>"; };
		344152DBB3B08FFF8232F4FCC11A6451 /* Assets.xcassets */ = {isa = PBXFileReference; lastKnownFileType = folder.assetcatalog; path = Assets.xcassets; sourceTree = "<group>"; };
		349D70A256386A7218F27417BB1275C4 /* VVHTTPServer.m */ = {isa = PBXFileReference; fileEncoding = 4; lastKnownFileType = sourcecode.c.objc; path = VVHTTPServer.m; sourceTree = "<group>"; };
		385D3150FFE3FF58B84077D8F6CC8738 /* VVApi.h */ = {isa = PBXFileReference; fileEncoding = 4; lastKnownFileType = sourcecode.c.h; path = VVApi.h; sourceTree = "<group>"; };
		448E60B330362E60A4AA6D6ABB75275F /* AppDelegate.m */ = {isa = PBXFileReference; lastKnownFileType = sourcecode.c.objc; path = AppDelegate.m; sourceTree = "<group>"; };
		460BC0B47987B8E911682D2701268ACB /* VVHTTPAsyncFileResponse.h */ = {isa = PBXFileReference; fileEncoding = 4; lastKnownFileType = sourcecode.c.h; path = VVHTTPAsyncFileResponse.h; sourceTree = "<group>"; };
		4ACF95CF401B55FD9F983647701A22EB /* Base */ = {isa = PBXFileReference; lastKnownFileType = file.storyboard; name = Base; path = Base.lproj/Main.storyboard; sourceTree = "<group>"; };
		4BA96D614CF2DBA0E494D8DA0DD4C104 /* VVHTTPConnection.m */ = {isa = PBXFileReference; fileEncoding = 4; lastKnownFileType = sourcecode.c.objc; path = VVHTTPConnection.m; sourceTree = "<group>"; };
		4E1AE039A820E572F0FE5ECDAC00C098 /* VVHTTPResponseProxy.m */ = {isa = PBXFileReference; fileEncoding = 4; lastKnownFileType = sourcecode.c.objc; path = VVHTTPResponseProxy.m; sourceTree = "<group>"; };
		50A4D2CD086E924784CB4D866349F70F /* VVHTTPMessage.m */ = {isa = PBXFileReference; fileEncoding = 4; lastKnownFileType = sourcecode.c.objc; path = VVHTTPMessage.m; sourceTree = "<group>"; };
		550DB7E6CDAB96687385ED1417081B45 /* Info.plist */ = {isa = PBXFileReference; lastKnownFileType = text.plist.xml; path = Info.plist; sourceTree = "<group>"; };
		59A5301622395C4918ECD043A47F5073 /* VVHTTPDataResponse.m */ = {isa = PBXFileReference; fileEncoding = 4; lastKnownFileType = sourcecode.c.objc; path = VVHTTPDataResponse.m; sourceTree = "<group>"; };
		6502CF1F8D4C4F3902C49AF159BD185E /* Base */ = {isa = PBXFileReference; lastKnownFileType = file.storyboard; name = Base; path = Base.lproj/LaunchScreen.storyboard; sourceTree = "<group>"; };
		7429E1C7E14795592D52A550F57685FE /* VVApiServer.app */ = {isa = PBXFileReference; explicitFileType = wrapper.application; includeInIndex = 0; path = VVApiServer.app; sourceTree = BUILT_PRODUCTS_DIR; };
		7545736340A9B6DAF479B03AF5F78E60 /* VVApiServerUITests.m */ = {isa = PBXFileReference; lastKnownFileType = sourcecode.c.objc; path = VVApiServerUITests.m; sourceTree = "<group>"; };
		7A50D15D8D10612C4A1013813970EEA8 /* VVApiRequest.m */ = {isa = PBXFileReference; fileEncoding = 4; lastKnownFileType = sourcecode.c.objc; path = VVApiRequest.m; sourceTree = "<group>"; };
		7CE7D19D1E18350CC7CBCD91982ABB3B /* VVHTTPAuthenticationRequest.m */ = {isa = PBXFileReference; fileEncoding = 4; lastKnownFileType = sourcecode.c.objc; path = VVHTTPAuthenticationRequest.m; sourceTree = "<group>"; };
		8631109911BF3576DE806814BCE3BA3A /* VVApiServerTests.xctest */ = {isa = PBXFileReference; explicitFileType = wrapper.cfbundle; includeInIndex = 0; path = VVApiServerTests.xctest; sourceTree = BUILT_PRODUCTS_DIR; };
		87EE8E21A39FC4719FF073EC169C8A24 /* VVApiRequest.h */ = {isa = PBXFileReference; fileEncoding = 4; lastKnownFileType = sourcecode.c.h; path = VVApiRequest.h; sourceTree = "<group>"; };
		88AF1D31DE9AB4778F0F84997B5343B0 /* main.m */ = {isa = PBXFileReference; lastKnownFileType = sourcecode.c.objc; path = main.m; sourceTree = "<group>"; };
		8DA09E6E6F54C34F0E4AEFAAF29F774F /* VVApiResponse.h */ = {isa = PBXFileReference; fileEncoding = 4; lastKnownFileType = sourcecode.c.h; path = VVApiResponse.h; sourceTree = "<group>"; };
		8E66DB76E63C1D06EF6CC057588966F4 /* VVHTTPAsyncFileResponse.m */ = {isa = PBXFileReference; fileEncoding = 4; lastKnownFileType = sourcecode.c.objc; path = VVHTTPAsyncFileResponse.m; sourceTree = "<group>"; };
		9535202AD9D0734A9C9C9D2541D6C77C /* libPods-VVApiServer.a */ = {isa = PBXFileReference; explicitFileType = archive.ar; includeInIndex = 0; path = "libPods-VVApiServer.a"; sourceTree = BUILT_PRODUCTS_DIR; };
		9BAEF73CE035D5DAF169A83D5F3FC22D /* VVHTTPLogging.h */ = {isa = PBXFileReference; fileEncoding = 4; lastKnownFileType = sourcecode.c.h; path = VVHTTPLogging.h; sourceTree = "<group>"; };
		9D8D90A9C2E69DDE046F3027C19CFD85 /* NSData+VVData.h */ = {isa = PBXFileReference; fileEncoding = 4; lastKnownFileType = sourcecode.c.h; path = "NSData+VVData.h"; sourceTree = "<group>"; };
		A309E984DE9E8BE34BF130B8F0A93ACA /* Info.plist */ = {isa = PBXFileReference; lastKnownFileType = text.plist.xml; path = Info.plist; sourceTree = "<group>"; };
		A3E78F4B8B05689F029E4DF2B3BF8B3A /* VVHTTPLogging.m */ = {isa = PBXFileReference; fileEncoding = 4; lastKnownFileType = sourcecode.c.objc; path = VVHTTPLogging.m; sourceTree = "<group>"; };
		A69BE146E329B0FB2CE270C7D887C06A /* VVWebSocket.m */ = {isa = PBXFileReference; fileEncoding = 4; lastKnownFileType = sourcecode.c.objc; path = VVWebSocket.m; sourceTree = "<group>"; };
		AA381E81B76ED214968124E6139B5326 /* VVRange.m */ = {isa = PBXFileReference; fileEncoding = 4; lastKnownFileType = sourcecode.c.objc; path = VVRange.m; sourceTree = "<group>"; };
		ADDED3BDA767E3417DDE2A2B24D38D97 /* VVHTTPMessage.h */ = {isa = PBXFileReference; fileEncoding = 4; lastKnownFileType = sourcecode.c.h; path = VVHTTPMessage.h; sourceTree = "<group>"; };
		B03991B5DDD15724DEEDD91DF23AB940 /* VVHTTPServer.h */ = {isa = PBXFileReference; fileEncoding = 4; lastKnownFileType = sourcecode.c.h; path = VVHTTPServer.h; sourceTree = "<group>"; };
		B0A77B30B9A98FB0DE868D31157E154F /* VVHTTPFileResponse.m */ = {isa = PBXFileReference; fileEncoding = 4; lastKnownFileType = sourcecode.c.objc; path = VVHTTPFileResponse.m; sourceTree = "<group>"; };
		B736AFF638E831971C755E783D8582C3 /* Pods-VVApiServer.debug.xcconfig */ = {isa = PBXFileReference; includeInIndex = 1; lastKnownFileType = text.xcconfig; name = "Pods-VVApiServer.debug.xcconfig"; path = "Target Support Files/Pods-VVApiServer/Pods-VVApiServer.debug.xcconfig"; sourceTree = "<group>"; };
		BA1834BA50669A53B88F07BA39452491 /* VVRange.h */ = {isa = PBXFileReference; fileEncoding = 4; lastKnownFileType = sourcecode.c.h; path = VVRange.h; sourceTree = "<group>"; };
		BB77CC63F3AAFBD1C55C7AB79C0D2B68 /* VVApiConnection.m */ = {isa = PBXFileReference; fileEncoding = 4; lastKnownFileType = sourcecode.c.objc; path = VVApiConnection.m; sourceTree = "<group>"; };
		C2D3332FB828FC15E2BBBC91B3C86244 /* VVApi.m */ = {isa = PBXFileReference; fileEncoding = 4; lastKnownFileType = sourcecode.c.objc; path = VVApi.m; sourceTree = "<group>"; };
		C3AE6A969102CA7AF64B52E2 /* NSURLRequest+Ext.m */ = {isa = PBXFileReference; fileEncoding = 4; lastKnownFileType = sourcecode.c.objc; path = "NSURLRequest+Ext.m"; sourceTree = "<group>"; };
		C3AE6BAFB31345EFA019611E /* NSURLRequest+Ext.h */ = {isa = PBXFileReference; fileEncoding = 4; lastKnownFileType = sourcecode.c.h; path = "NSURLRequest+Ext.h"; sourceTree = "<group>"; };
		CD8F324EBD87780D631D6FD85C99F6B5 /* VVApiHTTPServer.h */ = {isa = PBXFileReference; fileEncoding = 4; lastKnownFileType = sourcecode.c.h; path = VVApiHTTPServer.h; sourceTree = "<group>"; };
		D3DA34FC769D63981C716ED347AD4455 /* NSNumber+VVNumber.m */ = {isa = PBXFileReference; fileEncoding = 4; lastKnownFileType = sourcecode.c.objc; path = "NSNumber+VVNumber.m"; sourceTree = "<group>"; };
		D402755D392BC58098CF953F763B3314 /* ViewController.m */ = {isa = PBXFileReference; lastKnownFileType = sourcecode.c.objc; path = ViewController.m; sourceTree = "<group>"; };
		E53A389ACFE141146C2FDD26C47B692D /* AppDelegate.h */ = {isa = PBXFileReference; lastKnownFileType = sourcecode.c.h; path = AppDelegate.h; sourceTree = "<group>"; };
		E603744A8FCFE99F91F6F397C915307B /* VVApiConnection.h */ = {isa = PBXFileReference; fileEncoding = 4; lastKnownFileType = sourcecode.c.h; path = VVApiConnection.h; sourceTree = "<group>"; };
		E82EC3DC071EB10D44324A1506802021 /* VVApiServerTests.m */ = {isa = PBXFileReference; lastKnownFileType = sourcecode.c.objc; path = VVApiServerTests.m; sourceTree = "<group>"; };
		F1EC19D56F6CDB7F3E7A9CE57553D19A /* NSNumber+VVNumber.h */ = {isa = PBXFileReference; fileEncoding = 4; lastKnownFileType = sourcecode.c.h; path = "NSNumber+VVNumber.h"; sourceTree = "<group>"; };
		F2D81BDBBEE5E2CB4DE481F5E69D87E8 /* VVHTTPFileResponse.h */ = {isa = PBXFileReference; fileEncoding = 4; lastKnownFileType = sourcecode.c.h; path = VVHTTPFileResponse.h; sourceTree = "<group>"; };
		F3D666721B556479EEB02D9366EAAD73 /* ViewController.h */ = {isa = PBXFileReference; lastKnownFileType = sourcecode.c.h; path = ViewController.h; sourceTree = "<group>"; };
		F8F19B7FAB930385457F2FA6508038AA /* VVHTTPConnection.h */ = {isa = PBXFileReference; fileEncoding = 4; lastKnownFileType = sourcecode.c.h; path = VVHTTPConnection.h; sourceTree = "<group>"; };
		FBCA37AC3186037FBC8BA901D9B38F8A /* VVApiHTTPServer.m */ = {isa = PBXFileReference; fileEncoding = 4; lastKnownFileType = sourcecode.c.objc; path = VVApiHTTPServer.m; sourceTree = "<group>"; };
/* End PBXFileReference section */

/* Begin PBXFrameworksBuildPhase section */
		0F110D83F0D7B917BB8B978A876D3C25 /* Frameworks */ = {
			isa = PBXFrameworksBuildPhase;
			buildActionMask = 2147483647;
			files = (
			);
			runOnlyForDeploymentPostprocessing = 0;
		};
		B96927EB50609E6BB6499CFD3FB5836E /* Frameworks */ = {
			isa = PBXFrameworksBuildPhase;
			buildActionMask = 2147483647;
			files = (
				D0980EA3F713DBC18714C7467BF2A467 /* libPods-VVApiServer.a in Frameworks */,
			);
			runOnlyForDeploymentPostprocessing = 0;
		};
		BE6E0BB71286171F0952B5A872075325 /* Frameworks */ = {
			isa = PBXFrameworksBuildPhase;
			buildActionMask = 2147483647;
			files = (
			);
			runOnlyForDeploymentPostprocessing = 0;
		};
/* End PBXFrameworksBuildPhase section */

/* Begin PBXGroup section */
		2C67EBA996CE700459644FC10DD48F13 /* Pods */ = {
			isa = PBXGroup;
			children = (
				B736AFF638E831971C755E783D8582C3 /* Pods-VVApiServer.debug.xcconfig */,
				198D502A2E4C4EE8E83C7F32E6AB9D03 /* Pods-VVApiServer.release.xcconfig */,
			);
			path = Pods;
			sourceTree = "<group>";
		};
		4012CB2AA9CBB584267DBC7898D1F599 /* Responses */ = {
			isa = PBXGroup;
			children = (
				460BC0B47987B8E911682D2701268ACB /* VVHTTPAsyncFileResponse.h */,
				8E66DB76E63C1D06EF6CC057588966F4 /* VVHTTPAsyncFileResponse.m */,
				29DF23C76E3C7C6F75A124E32A88B4FA /* VVHTTPDataResponse.h */,
				59A5301622395C4918ECD043A47F5073 /* VVHTTPDataResponse.m */,
				F2D81BDBBEE5E2CB4DE481F5E69D87E8 /* VVHTTPFileResponse.h */,
				B0A77B30B9A98FB0DE868D31157E154F /* VVHTTPFileResponse.m */,
			);
			path = Responses;
			sourceTree = "<group>";
		};
		407E79863419A488960F9D684C041DF3 /* Http */ = {
			isa = PBXGroup;
			children = (
				1E4C6E156A3C93E77AEFCD04A16DA7E2 /* VVHTTPAuthenticationRequest.h */,
				7CE7D19D1E18350CC7CBCD91982ABB3B /* VVHTTPAuthenticationRequest.m */,
				F8F19B7FAB930385457F2FA6508038AA /* VVHTTPConnection.h */,
				4BA96D614CF2DBA0E494D8DA0DD4C104 /* VVHTTPConnection.m */,
				9BAEF73CE035D5DAF169A83D5F3FC22D /* VVHTTPLogging.h */,
				A3E78F4B8B05689F029E4DF2B3BF8B3A /* VVHTTPLogging.m */,
				ADDED3BDA767E3417DDE2A2B24D38D97 /* VVHTTPMessage.h */,
				50A4D2CD086E924784CB4D866349F70F /* VVHTTPMessage.m */,
				2849399BDE13B7D5A093F1DF1DE48C1F /* VVHTTPResponse.h */,
				B03991B5DDD15724DEEDD91DF23AB940 /* VVHTTPServer.h */,
				349D70A256386A7218F27417BB1275C4 /* VVHTTPServer.m */,
				322754EE49ACC52330CFFCF7E61DE8B8 /* VVWebSocket.h */,
				A69BE146E329B0FB2CE270C7D887C06A /* VVWebSocket.m */,
			);
			path = Http;
			sourceTree = "<group>";
		};
		4677614B8236C9BA24DB4A833CF34BE8 /* Source */ = {
			isa = PBXGroup;
			children = (
				6F54CEDDD83251F50650BC058765B5F9 /* Categories */,
				407E79863419A488960F9D684C041DF3 /* Http */,
				4012CB2AA9CBB584267DBC7898D1F599 /* Responses */,
				9BA3056ECE0DE40931DDC4DECDC41025 /* Api */,
			);
			path = Source;
			sourceTree = "<group>";
		};
		477111027DCA30182BB77E2276FE9EDA /* VVApiServerTests */ = {
			isa = PBXGroup;
			children = (
				17E885A05C30796457693BF846E5458E /* Info.plist */,
				E82EC3DC071EB10D44324A1506802021 /* VVApiServerTests.m */,
			);
			path = VVApiServerTests;
			sourceTree = "<group>";
		};
		6F54CEDDD83251F50650BC058765B5F9 /* Categories */ = {
			isa = PBXGroup;
			children = (
				9D8D90A9C2E69DDE046F3027C19CFD85 /* NSData+VVData.h */,
				1F5A7DB231678CDA8FAF47C2A5EFE3CC /* NSData+VVData.m */,
				F1EC19D56F6CDB7F3E7A9CE57553D19A /* NSNumber+VVNumber.h */,
				D3DA34FC769D63981C716ED347AD4455 /* NSNumber+VVNumber.m */,
				BA1834BA50669A53B88F07BA39452491 /* VVRange.h */,
				AA381E81B76ED214968124E6139B5326 /* VVRange.m */,
				C3AE6A969102CA7AF64B52E2 /* NSURLRequest+Ext.m */,
				C3AE6BAFB31345EFA019611E /* NSURLRequest+Ext.h */,
			);
			path = Categories;
			sourceTree = "<group>";
		};
		9367CBFED1616D4EF9E4C840057A4A61 = {
			isa = PBXGroup;
			children = (
				EDC8034CBA6C7B8E99AD66A538D85BFD /* Frameworks */,
				00DD4362168115925505A7AB8C65AA84 /* Podfile */,
				2C67EBA996CE700459644FC10DD48F13 /* Pods */,
				B33FB0DE6BA45851DE5A743A08A7561E /* Products */,
				CBB0486625052BD76C0CF8D0907CE788 /* VVApiServer */,
				477111027DCA30182BB77E2276FE9EDA /* VVApiServerTests */,
				CA3C97257B6EA8D81E682DC3D0925106 /* VVApiServerUITests */,
			);
			sourceTree = "<group>";
		};
		9BA3056ECE0DE40931DDC4DECDC41025 /* Api */ = {
			isa = PBXGroup;
			children = (
				1546EA1268AB9B4353A51120F07965B0 /* VVHTTPResponseProxy.h */,
				4E1AE039A820E572F0FE5ECDAC00C098 /* VVHTTPResponseProxy.m */,
				385D3150FFE3FF58B84077D8F6CC8738 /* VVApi.h */,
				C2D3332FB828FC15E2BBBC91B3C86244 /* VVApi.m */,
				87EE8E21A39FC4719FF073EC169C8A24 /* VVApiRequest.h */,
				7A50D15D8D10612C4A1013813970EEA8 /* VVApiRequest.m */,
				8DA09E6E6F54C34F0E4AEFAAF29F774F /* VVApiResponse.h */,
				2D5F82E20487603E8E69CDD5967F8644 /* VVApiResponse.m */,
				E603744A8FCFE99F91F6F397C915307B /* VVApiConnection.h */,
				BB77CC63F3AAFBD1C55C7AB79C0D2B68 /* VVApiConnection.m */,
				CD8F324EBD87780D631D6FD85C99F6B5 /* VVApiHTTPServer.h */,
				FBCA37AC3186037FBC8BA901D9B38F8A /* VVApiHTTPServer.m */,
			);
			path = Api;
			sourceTree = "<group>";
		};
		B33FB0DE6BA45851DE5A743A08A7561E /* Products */ = {
			isa = PBXGroup;
			children = (
				7429E1C7E14795592D52A550F57685FE /* VVApiServer.app */,
				8631109911BF3576DE806814BCE3BA3A /* VVApiServerTests.xctest */,
				1B85E500C559EE143EC323899F34EF5B /* VVApiServerUITests.xctest */,
			);
			name = Products;
			sourceTree = "<group>";
		};
		CA3C97257B6EA8D81E682DC3D0925106 /* VVApiServerUITests */ = {
			isa = PBXGroup;
			children = (
				550DB7E6CDAB96687385ED1417081B45 /* Info.plist */,
				7545736340A9B6DAF479B03AF5F78E60 /* VVApiServerUITests.m */,
			);
			path = VVApiServerUITests;
			sourceTree = "<group>";
		};
		CBB0486625052BD76C0CF8D0907CE788 /* VVApiServer */ = {
			isa = PBXGroup;
			children = (
				4677614B8236C9BA24DB4A833CF34BE8 /* Source */,
				E53A389ACFE141146C2FDD26C47B692D /* AppDelegate.h */,
				448E60B330362E60A4AA6D6ABB75275F /* AppDelegate.m */,
				344152DBB3B08FFF8232F4FCC11A6451 /* Assets.xcassets */,
				A309E984DE9E8BE34BF130B8F0A93ACA /* Info.plist */,
				2D57C697D9060C31ADCAA5B95F9A3FA6 /* LaunchScreen.storyboard */,
				D4BE0398F3A469F1668847FAE37508DF /* Main.storyboard */,
				F3D666721B556479EEB02D9366EAAD73 /* ViewController.h */,
				D402755D392BC58098CF953F763B3314 /* ViewController.m */,
				88AF1D31DE9AB4778F0F84997B5343B0 /* main.m */,
			);
			path = VVApiServer;
			sourceTree = "<group>";
		};
		EDC8034CBA6C7B8E99AD66A538D85BFD /* Frameworks */ = {
			isa = PBXGroup;
			children = (
				9535202AD9D0734A9C9C9D2541D6C77C /* libPods-VVApiServer.a */,
			);
			name = Frameworks;
			sourceTree = "<group>";
		};
/* End PBXGroup section */

/* Begin PBXNativeTarget section */
		369418F54B70494DDC15C38DE68FAB82 /* VVApiServerTests */ = {
			isa = PBXNativeTarget;
			buildConfigurationList = A7A0CDB92F7F5361A09F48C9EA2D748F /* Build configuration list for PBXNativeTarget "VVApiServerTests" */;
			buildPhases = (
				D321E9781BE604AE13E612A9C94951CF /* Sources */,
				BE6E0BB71286171F0952B5A872075325 /* Frameworks */,
				3096677821511110A9BACF12BF6DCE9C /* Resources */,
			);
			buildRules = (
			);
			dependencies = (
				C5842A6A5B336960FCE33805AC586954 /* PBXTargetDependency */,
			);
			name = VVApiServerTests;
			productName = VVApiServerTests;
			productReference = 8631109911BF3576DE806814BCE3BA3A /* VVApiServerTests.xctest */;
			productType = "com.apple.product-type.bundle.unit-test";
		};
		6E2C78B4ECDD6A0E54FCA8B099561347 /* VVApiServerUITests */ = {
			isa = PBXNativeTarget;
			buildConfigurationList = 034F61B634D613F0732155AEBF757961 /* Build configuration list for PBXNativeTarget "VVApiServerUITests" */;
			buildPhases = (
				6A04949733EE4807BEDF39D85BF4F30D /* Sources */,
				0F110D83F0D7B917BB8B978A876D3C25 /* Frameworks */,
				FDEC6F911028DCDCCD3A0BC0BCC7D06E /* Resources */,
			);
			buildRules = (
			);
			dependencies = (
				9833B851B8208B944D31400AD374CDF1 /* PBXTargetDependency */,
			);
			name = VVApiServerUITests;
			productName = VVApiServerUITests;
			productReference = 1B85E500C559EE143EC323899F34EF5B /* VVApiServerUITests.xctest */;
			productType = "com.apple.product-type.bundle.ui-testing";
		};
		E1A89FF74B5E81177E4E81385664C518 /* VVApiServer */ = {
			isa = PBXNativeTarget;
			buildConfigurationList = E652389D8264709CF49AFB06BD85AAEA /* Build configuration list for PBXNativeTarget "VVApiServer" */;
			buildPhases = (
				11D8C3B24CF43FE950F24DDE01A677DD /* [CP] Check Pods Manifest.lock */,
				DA77F8C0DB02F1F980E32B37649BE1C3 /* Sources */,
				B96927EB50609E6BB6499CFD3FB5836E /* Frameworks */,
				FA3D2011BC3F70D394F0AE5D03B0E80D /* Resources */,
			);
			buildRules = (
			);
			dependencies = (
			);
			name = VVApiServer;
			productName = VVApiServer;
			productReference = 7429E1C7E14795592D52A550F57685FE /* VVApiServer.app */;
			productType = "com.apple.product-type.application";
		};
/* End PBXNativeTarget section */

/* Begin PBXProject section */
		93F72F5491C6AEDDAF48FE51664ED19D /* Project object */ = {
			isa = PBXProject;
			attributes = {
				LastUpgradeCheck = 1020;
				ORGANIZATIONNAME = Tank;
				TargetAttributes = {
					369418F54B70494DDC15C38DE68FAB82 = {
						CreatedOnToolsVersion = 10.2.1;
						TestTargetID = E1A89FF74B5E81177E4E81385664C518;
					};
					6E2C78B4ECDD6A0E54FCA8B099561347 = {
						CreatedOnToolsVersion = 10.2.1;
						TestTargetID = E1A89FF74B5E81177E4E81385664C518;
					};
					E1A89FF74B5E81177E4E81385664C518 = {
						CreatedOnToolsVersion = 10.2.1;
					};
				};
			};
			buildConfigurationList = 525F2529319CF787B3B924088C871C80 /* Build configuration list for PBXProject "VVApiServer" */;
			compatibilityVersion = "Xcode 9.3";
			developmentRegion = en;
			hasScannedForEncodings = 0;
			knownRegions = (
				en,
				Base,
			);
			mainGroup = 9367CBFED1616D4EF9E4C840057A4A61;
			productRefGroup = B33FB0DE6BA45851DE5A743A08A7561E /* Products */;
			projectDirPath = "";
			projectRoot = "";
			targets = (
				E1A89FF74B5E81177E4E81385664C518 /* VVApiServer */,
				369418F54B70494DDC15C38DE68FAB82 /* VVApiServerTests */,
				6E2C78B4ECDD6A0E54FCA8B099561347 /* VVApiServerUITests */,
			);
		};
/* End PBXProject section */

/* Begin PBXResourcesBuildPhase section */
		3096677821511110A9BACF12BF6DCE9C /* Resources */ = {
			isa = PBXResourcesBuildPhase;
			buildActionMask = 2147483647;
			files = (
			);
			runOnlyForDeploymentPostprocessing = 0;
		};
		FA3D2011BC3F70D394F0AE5D03B0E80D /* Resources */ = {
			isa = PBXResourcesBuildPhase;
			buildActionMask = 2147483647;
			files = (
				F08996694E174D4C260D01DAACABD0FC /* Assets.xcassets in Resources */,
				8B37E061E67DE5407B6F857385370E01 /* LaunchScreen.storyboard in Resources */,
				894D4DE0FFB5959BA09AA30A815D40A8 /* Main.storyboard in Resources */,
				1BCD7ED9C97ED78F8CCC64D862E47585 /* Podfile in Resources */,
			);
			runOnlyForDeploymentPostprocessing = 0;
		};
		FDEC6F911028DCDCCD3A0BC0BCC7D06E /* Resources */ = {
			isa = PBXResourcesBuildPhase;
			buildActionMask = 2147483647;
			files = (
			);
			runOnlyForDeploymentPostprocessing = 0;
		};
/* End PBXResourcesBuildPhase section */

/* Begin PBXShellScriptBuildPhase section */
		11D8C3B24CF43FE950F24DDE01A677DD /* [CP] Check Pods Manifest.lock */ = {
			isa = PBXShellScriptBuildPhase;
			buildActionMask = 2147483647;
			files = (
			);
			inputFileListPaths = (
			);
			inputPaths = (
				"${PODS_PODFILE_DIR_PATH}/Podfile.lock",
				"${PODS_ROOT}/Manifest.lock",
			);
			name = "[CP] Check Pods Manifest.lock";
			outputFileListPaths = (
			);
			outputPaths = (
				"$(DERIVED_FILE_DIR)/Pods-VVApiServer-checkManifestLockResult.txt",
			);
			runOnlyForDeploymentPostprocessing = 0;
			shellPath = /bin/sh;
			shellScript = "diff \"${PODS_PODFILE_DIR_PATH}/Podfile.lock\" \"${PODS_ROOT}/Manifest.lock\" > /dev/null\nif [ $? != 0 ] ; then\n    # print error to STDERR\n    echo \"error: The sandbox is not in sync with the Podfile.lock. Run 'pod install' or update your CocoaPods installation.\" >&2\n    exit 1\nfi\n# This output is used by Xcode 'outputs' to avoid re-running this script phase.\necho \"SUCCESS\" > \"${SCRIPT_OUTPUT_FILE_0}\"\n";
			showEnvVarsInLog = 0;
		};
/* End PBXShellScriptBuildPhase section */

/* Begin PBXSourcesBuildPhase section */
		6A04949733EE4807BEDF39D85BF4F30D /* Sources */ = {
			isa = PBXSourcesBuildPhase;
			buildActionMask = 2147483647;
			files = (
				BBC8F20D749310FADC3FAE94EF78552E /* VVApiServerUITests.m in Sources */,
			);
			runOnlyForDeploymentPostprocessing = 0;
		};
		D321E9781BE604AE13E612A9C94951CF /* Sources */ = {
			isa = PBXSourcesBuildPhase;
			buildActionMask = 2147483647;
			files = (
				131462C2DBD0255C9666FFC8B869A6BA /* VVApiServerTests.m in Sources */,
			);
			runOnlyForDeploymentPostprocessing = 0;
		};
		DA77F8C0DB02F1F980E32B37649BE1C3 /* Sources */ = {
			isa = PBXSourcesBuildPhase;
			buildActionMask = 2147483647;
			files = (
				C8BB8220CAE2071BDE1D972028C90E11 /* AppDelegate.m in Sources */,
				08922E398818570D2017974D717A4234 /* NSData+VVData.m in Sources */,
				3CA5351F73E18C474E9ADC501E874E9F /* NSNumber+VVNumber.m in Sources */,
				CA82BEAB4349A96A678DB1657AA35CA2 /* VVHTTPAsyncFileResponse.m in Sources */,
				AAFF8D3BFE7B068F6E4702E5E7E39A16 /* VVHTTPAuthenticationRequest.m in Sources */,
				4C7E5B205A83873929D2DC0FACEEED50 /* VVHTTPConnection.m in Sources */,
				D63D2CBD594D30FF3B89FC58FF844125 /* VVHTTPDataResponse.m in Sources */,
				4E7FAEE556C32F8A4913D72CEF008724 /* VVHTTPFileResponse.m in Sources */,
				735A89BA97AFAF6C2EADC7AB1698423F /* VVHTTPLogging.m in Sources */,
				B56EE66D23D7EAC2A0E4E4D7A0052BE1 /* VVHTTPMessage.m in Sources */,
				4CDAAD1D63E4F7863637471F7BD3735B /* VVHTTPResponseProxy.m in Sources */,
				0C5176ED1634EC3FC804403AB4E64703 /* VVHTTPServer.m in Sources */,
				12CDA1C2905E15F10E00AE8055C601EA /* VVRange.m in Sources */,
				40A4B03E54A69D644D7053F2B81ACFA3 /* VVApi.m in Sources */,
				1DD8360CF57DE98390138E8F6FAEA242 /* VVApiRequest.m in Sources */,
				B6389672729BFA3C7131BDDCE35D5B2D /* VVApiResponse.m in Sources */,
				800278573384056D85E8B33309C1742F /* VVApiConnection.m in Sources */,
				4CF245583222C52464E6CB75097A0B4F /* VVApiHTTPServer.m in Sources */,
				C4BA1EBDBEAC82F7CBBE20012D3D276D /* VVWebSocket.m in Sources */,
				EF695A7697C76247AC50025BFDA1B98E /* ViewController.m in Sources */,
				D06BBDAE3FC9CDCC91F776537A640C8A /* main.m in Sources */,
				C3AE66FB13D3BE5D3F69AF60 /* NSURLRequest+Ext.m in Sources */,
			);
			runOnlyForDeploymentPostprocessing = 0;
		};
/* End PBXSourcesBuildPhase section */

/* Begin PBXTargetDependency section */
		9833B851B8208B944D31400AD374CDF1 /* PBXTargetDependency */ = {
			isa = PBXTargetDependency;
			target = E1A89FF74B5E81177E4E81385664C518 /* VVApiServer */;
			targetProxy = 6EE550D88117C3146396D3BD54C632E7 /* PBXContainerItemProxy */;
		};
		C5842A6A5B336960FCE33805AC586954 /* PBXTargetDependency */ = {
			isa = PBXTargetDependency;
			target = E1A89FF74B5E81177E4E81385664C518 /* VVApiServer */;
			targetProxy = 6B347B1327EB92643D87456B3DCB8A72 /* PBXContainerItemProxy */;
		};
/* End PBXTargetDependency section */

/* Begin PBXVariantGroup section */
		2D57C697D9060C31ADCAA5B95F9A3FA6 /* LaunchScreen.storyboard */ = {
			isa = PBXVariantGroup;
			children = (
				6502CF1F8D4C4F3902C49AF159BD185E /* Base */,
			);
			name = LaunchScreen.storyboard;
			sourceTree = "<group>";
		};
		D4BE0398F3A469F1668847FAE37508DF /* Main.storyboard */ = {
			isa = PBXVariantGroup;
			children = (
				4ACF95CF401B55FD9F983647701A22EB /* Base */,
			);
			name = Main.storyboard;
			sourceTree = "<group>";
		};
/* End PBXVariantGroup section */

/* Begin XCBuildConfiguration section */
		273FB2093C9757EC35724F239358D7FD /* Debug */ = {
			isa = XCBuildConfiguration;
			buildSettings = {
				BUNDLE_LOADER = "$(TEST_HOST)";
				CODE_SIGN_STYLE = Automatic;
				INFOPLIST_FILE = VVApiServerTests/Info.plist;
				LD_RUNPATH_SEARCH_PATHS = (
					"$(inherited)",
					"@executable_path/Frameworks",
					"@loader_path/Frameworks",
				);
				PRODUCT_BUNDLE_IDENTIFIER = com.waqu.httpserver.VVApiServerTests;
				PRODUCT_NAME = "$(TARGET_NAME)";
				TARGETED_DEVICE_FAMILY = "1,2";
				TEST_HOST = "$(BUILT_PRODUCTS_DIR)/VVApiServer.app/VVApiServer";
			};
			name = Debug;
		};
		44A81AB0D2541B53F5458A3BFABE60A1 /* Release */ = {
			isa = XCBuildConfiguration;
			buildSettings = {
				CODE_SIGN_STYLE = Automatic;
				INFOPLIST_FILE = VVApiServerUITests/Info.plist;
				LD_RUNPATH_SEARCH_PATHS = (
					"$(inherited)",
					"@executable_path/Frameworks",
					"@loader_path/Frameworks",
				);
				PRODUCT_BUNDLE_IDENTIFIER = com.waqu.httpserver.VVApiServerUITests;
				PRODUCT_NAME = "$(TARGET_NAME)";
				TARGETED_DEVICE_FAMILY = "1,2";
				TEST_TARGET_NAME = VVApiServer;
			};
			name = Release;
		};
		6806FC4A5ACA99AB79687622D616E8D1 /* Debug */ = {
			isa = XCBuildConfiguration;
			buildSettings = {
				CODE_SIGN_STYLE = Automatic;
				INFOPLIST_FILE = VVApiServerUITests/Info.plist;
				LD_RUNPATH_SEARCH_PATHS = (
					"$(inherited)",
					"@executable_path/Frameworks",
					"@loader_path/Frameworks",
				);
				PRODUCT_BUNDLE_IDENTIFIER = com.waqu.httpserver.VVApiServerUITests;
				PRODUCT_NAME = "$(TARGET_NAME)";
				TARGETED_DEVICE_FAMILY = "1,2";
				TEST_TARGET_NAME = VVApiServer;
			};
			name = Debug;
		};
		73D28D0C44537E7C18D37873578E0502 /* Release */ = {
			isa = XCBuildConfiguration;
			baseConfigurationReference = 198D502A2E4C4EE8E83C7F32E6AB9D03 /* Pods-VVApiServer.release.xcconfig */;
			buildSettings = {
				ASSETCATALOG_COMPILER_APPICON_NAME = AppIcon;
				CODE_SIGN_STYLE = Automatic;
				INFOPLIST_FILE = VVApiServer/Info.plist;
				LD_RUNPATH_SEARCH_PATHS = (
					"$(inherited)",
					"@executable_path/Frameworks",
				);
				PRODUCT_BUNDLE_IDENTIFIER = com.waqu.httpserver.VVApiServer;
				PRODUCT_NAME = "$(TARGET_NAME)";
				TARGETED_DEVICE_FAMILY = "1,2";
			};
			name = Release;
		};
		882C05FAF36945FDE639B5385F026FD2 /* Release */ = {
			isa = XCBuildConfiguration;
			buildSettings = {
				BUNDLE_LOADER = "$(TEST_HOST)";
				CODE_SIGN_STYLE = Automatic;
				INFOPLIST_FILE = VVApiServerTests/Info.plist;
				LD_RUNPATH_SEARCH_PATHS = (
					"$(inherited)",
					"@executable_path/Frameworks",
					"@loader_path/Frameworks",
				);
				PRODUCT_BUNDLE_IDENTIFIER = com.waqu.httpserver.VVApiServerTests;
				PRODUCT_NAME = "$(TARGET_NAME)";
				TARGETED_DEVICE_FAMILY = "1,2";
				TEST_HOST = "$(BUILT_PRODUCTS_DIR)/VVApiServer.app/VVApiServer";
			};
			name = Release;
		};
		96C686A0F526888CDDBF1760F26981C6 /* Release */ = {
			isa = XCBuildConfiguration;
			buildSettings = {
				ALWAYS_SEARCH_USER_PATHS = NO;
				CLANG_ANALYZER_NONNULL = YES;
				CLANG_ANALYZER_NUMBER_OBJECT_CONVERSION = YES_AGGRESSIVE;
				CLANG_CXX_LANGUAGE_STANDARD = "gnu++14";
				CLANG_CXX_LIBRARY = "libc++";
				CLANG_ENABLE_MODULES = YES;
				CLANG_ENABLE_OBJC_ARC = YES;
				CLANG_ENABLE_OBJC_WEAK = YES;
				CLANG_WARN_BLOCK_CAPTURE_AUTORELEASING = YES;
				CLANG_WARN_BOOL_CONVERSION = YES;
				CLANG_WARN_COMMA = YES;
				CLANG_WARN_CONSTANT_CONVERSION = YES;
				CLANG_WARN_DEPRECATED_OBJC_IMPLEMENTATIONS = YES;
				CLANG_WARN_DIRECT_OBJC_ISA_USAGE = YES_ERROR;
				CLANG_WARN_DOCUMENTATION_COMMENTS = YES;
				CLANG_WARN_EMPTY_BODY = YES;
				CLANG_WARN_ENUM_CONVERSION = YES;
				CLANG_WARN_INFINITE_RECURSION = YES;
				CLANG_WARN_INT_CONVERSION = YES;
				CLANG_WARN_NON_LITERAL_NULL_CONVERSION = YES;
				CLANG_WARN_OBJC_IMPLICIT_RETAIN_SELF = YES;
				CLANG_WARN_OBJC_LITERAL_CONVERSION = YES;
				CLANG_WARN_OBJC_ROOT_CLASS = YES_ERROR;
				CLANG_WARN_RANGE_LOOP_ANALYSIS = YES;
				CLANG_WARN_STRICT_PROTOTYPES = YES;
				CLANG_WARN_SUSPICIOUS_MOVE = YES;
				CLANG_WARN_UNGUARDED_AVAILABILITY = YES_AGGRESSIVE;
				CLANG_WARN_UNREACHABLE_CODE = YES;
				CLANG_WARN__DUPLICATE_METHOD_MATCH = YES;
				CODE_SIGN_IDENTITY = "iPhone Developer";
				COPY_PHASE_STRIP = NO;
				DEBUG_INFORMATION_FORMAT = "dwarf-with-dsym";
				ENABLE_NS_ASSERTIONS = NO;
				ENABLE_STRICT_OBJC_MSGSEND = YES;
				GCC_C_LANGUAGE_STANDARD = gnu11;
				GCC_NO_COMMON_BLOCKS = YES;
				GCC_WARN_64_TO_32_BIT_CONVERSION = YES;
				GCC_WARN_ABOUT_RETURN_TYPE = YES_ERROR;
				GCC_WARN_UNDECLARED_SELECTOR = YES;
				GCC_WARN_UNINITIALIZED_AUTOS = YES_AGGRESSIVE;
				GCC_WARN_UNUSED_FUNCTION = YES;
				GCC_WARN_UNUSED_VARIABLE = YES;
				IPHONEOS_DEPLOYMENT_TARGET = 12.2;
				MTL_ENABLE_DEBUG_INFO = NO;
				MTL_FAST_MATH = YES;
				SDKROOT = iphoneos;
				VALIDATE_PRODUCT = YES;
			};
			name = Release;
		};
		9C2586A8187BBD914768BB4394664CFD /* Debug */ = {
			isa = XCBuildConfiguration;
			buildSettings = {
				ALWAYS_SEARCH_USER_PATHS = NO;
				CLANG_ANALYZER_NONNULL = YES;
				CLANG_ANALYZER_NUMBER_OBJECT_CONVERSION = YES_AGGRESSIVE;
				CLANG_CXX_LANGUAGE_STANDARD = "gnu++14";
				CLANG_CXX_LIBRARY = "libc++";
				CLANG_ENABLE_MODULES = YES;
				CLANG_ENABLE_OBJC_ARC = YES;
				CLANG_ENABLE_OBJC_WEAK = YES;
				CLANG_WARN_BLOCK_CAPTURE_AUTORELEASING = YES;
				CLANG_WARN_BOOL_CONVERSION = YES;
				CLANG_WARN_COMMA = YES;
				CLANG_WARN_CONSTANT_CONVERSION = YES;
				CLANG_WARN_DEPRECATED_OBJC_IMPLEMENTATIONS = YES;
				CLANG_WARN_DIRECT_OBJC_ISA_USAGE = YES_ERROR;
				CLANG_WARN_DOCUMENTATION_COMMENTS = YES;
				CLANG_WARN_EMPTY_BODY = YES;
				CLANG_WARN_ENUM_CONVERSION = YES;
				CLANG_WARN_INFINITE_RECURSION = YES;
				CLANG_WARN_INT_CONVERSION = YES;
				CLANG_WARN_NON_LITERAL_NULL_CONVERSION = YES;
				CLANG_WARN_OBJC_IMPLICIT_RETAIN_SELF = YES;
				CLANG_WARN_OBJC_LITERAL_CONVERSION = YES;
				CLANG_WARN_OBJC_ROOT_CLASS = YES_ERROR;
				CLANG_WARN_RANGE_LOOP_ANALYSIS = YES;
				CLANG_WARN_STRICT_PROTOTYPES = YES;
				CLANG_WARN_SUSPICIOUS_MOVE = YES;
				CLANG_WARN_UNGUARDED_AVAILABILITY = YES_AGGRESSIVE;
				CLANG_WARN_UNREACHABLE_CODE = YES;
				CLANG_WARN__DUPLICATE_METHOD_MATCH = YES;
				CODE_SIGN_IDENTITY = "iPhone Developer";
				COPY_PHASE_STRIP = NO;
				DEBUG_INFORMATION_FORMAT = dwarf;
				ENABLE_STRICT_OBJC_MSGSEND = YES;
				ENABLE_TESTABILITY = YES;
				GCC_C_LANGUAGE_STANDARD = gnu11;
				GCC_DYNAMIC_NO_PIC = NO;
				GCC_NO_COMMON_BLOCKS = YES;
				GCC_OPTIMIZATION_LEVEL = 0;
				GCC_PREPROCESSOR_DEFINITIONS = (
					"DEBUG=1",
					"$(inherited)",
				);
				GCC_WARN_64_TO_32_BIT_CONVERSION = YES;
				GCC_WARN_ABOUT_RETURN_TYPE = YES_ERROR;
				GCC_WARN_UNDECLARED_SELECTOR = YES;
				GCC_WARN_UNINITIALIZED_AUTOS = YES_AGGRESSIVE;
				GCC_WARN_UNUSED_FUNCTION = YES;
				GCC_WARN_UNUSED_VARIABLE = YES;
				IPHONEOS_DEPLOYMENT_TARGET = 12.2;
				MTL_ENABLE_DEBUG_INFO = INCLUDE_SOURCE;
				MTL_FAST_MATH = YES;
				ONLY_ACTIVE_ARCH = YES;
				SDKROOT = iphoneos;
			};
			name = Debug;
		};
		E3ED4B576EB12A39AF476373542B1DDE /* Debug */ = {
			isa = XCBuildConfiguration;
			baseConfigurationReference = B736AFF638E831971C755E783D8582C3 /* Pods-VVApiServer.debug.xcconfig */;
			buildSettings = {
				ASSETCATALOG_COMPILER_APPICON_NAME = AppIcon;
				CODE_SIGN_STYLE = Automatic;
				INFOPLIST_FILE = VVApiServer/Info.plist;
				LD_RUNPATH_SEARCH_PATHS = (
					"$(inherited)",
					"@executable_path/Frameworks",
				);
				PRODUCT_BUNDLE_IDENTIFIER = com.waqu.httpserver.VVApiServer;
				PRODUCT_NAME = "$(TARGET_NAME)";
				TARGETED_DEVICE_FAMILY = "1,2";
			};
			name = Debug;
		};
/* End XCBuildConfiguration section */

/* Begin XCConfigurationList section */
		034F61B634D613F0732155AEBF757961 /* Build configuration list for PBXNativeTarget "VVApiServerUITests" */ = {
			isa = XCConfigurationList;
			buildConfigurations = (
				6806FC4A5ACA99AB79687622D616E8D1 /* Debug */,
				44A81AB0D2541B53F5458A3BFABE60A1 /* Release */,
			);
			defaultConfigurationIsVisible = 0;
			defaultConfigurationName = Release;
		};
		525F2529319CF787B3B924088C871C80 /* Build configuration list for PBXProject "VVApiServer" */ = {
			isa = XCConfigurationList;
			buildConfigurations = (
				9C2586A8187BBD914768BB4394664CFD /* Debug */,
				96C686A0F526888CDDBF1760F26981C6 /* Release */,
			);
			defaultConfigurationIsVisible = 0;
			defaultConfigurationName = Release;
		};
		A7A0CDB92F7F5361A09F48C9EA2D748F /* Build configuration list for PBXNativeTarget "VVApiServerTests" */ = {
			isa = XCConfigurationList;
			buildConfigurations = (
				273FB2093C9757EC35724F239358D7FD /* Debug */,
				882C05FAF36945FDE639B5385F026FD2 /* Release */,
			);
			defaultConfigurationIsVisible = 0;
			defaultConfigurationName = Release;
		};
		E652389D8264709CF49AFB06BD85AAEA /* Build configuration list for PBXNativeTarget "VVApiServer" */ = {
			isa = XCConfigurationList;
			buildConfigurations = (
				E3ED4B576EB12A39AF476373542B1DDE /* Debug */,
				73D28D0C44537E7C18D37873578E0502 /* Release */,
			);
			defaultConfigurationIsVisible = 0;
			defaultConfigurationName = Release;
		};
/* End XCConfigurationList section */
	};
	rootObject = 93F72F5491C6AEDDAF48FE51664ED19D /* Project object */;
}
